// !$*UTF8*$!
{
  archiveVersion = 1;
  classes = {};
  objectVersion = 50;
  objects = {
    /* Begin PBXBuildFile section */
    1D60588D0D05DD3D006BFB54 /* Overlay.mm in Sources */ = {isa = PBXBuildFile; fileRef = 1D60588E0D05DD3D006BFB54; };
    /* End PBXBuildFile section */

    /* Begin PBXFileReference section */
    1D60588E0D05DD3D006BFB54 /* Overlay.mm */ = {isa = PBXFileReference; lastKnownFileType = sourcecode.cpp.objcpp; path = Overlay/Overlay.mm; sourceTree = "<group>"; };
    1D60588F0D05DD3D006BFB54 /* libOverlay.dylib */ = {isa = PBXFileReference; explicitFileType = compiled.mach-o.dylib; path = libOverlay.dylib; sourceTree = BUILT_PRODUCTS_DIR; };
    /* End PBXFileReference section */

    /* Begin PBXGroup section */
    1D60588A0D05DD3D006BFB54 = {
      isa = PBXGroup;
      children = (
        1D60588E0D05DD3D006BFB54,
        1D60588B0D05DD3D006BFB54,
      );
      sourceTree = "<group>";
    };
    1D60588B0D05DD3D006BFB54 = {
      isa = PBXGroup;
      children = (
        1D60588F0D05DD3D006BFB54,
      );
      name = Products;
      sourceTree = "<group>";
    };
    /* End PBXGroup section */

    /* Begin PBXNativeTarget section */
    1D60588C0D05DD3D006BFB54 = {
      isa = PBXNativeTarget;
      buildConfigurationList = C01FCF4C08A954540054247B;
      buildPhases = (
        1D6058900D05DD3D006BFB54,
        1D6058910D05DD3D006BFB54,
      );
      buildRules = ( );
      dependencies = ( );
      name = Overlay;
      productName = Overlay;
      productReference = 1D60588F0D05DD3D006BFB54;
      productType = "com.apple.product-type.library.dynamic";
    };
    /* End PBXNativeTarget section */

    /* Begin PBXProject section */
    1D60588C1D05DD3D006BFB54 = {
      isa = PBXProject;
      buildConfigurationList = C01FCF4D08A954540054247B;
      compatibilityVersion = "Xcode 10.0";
      developmentRegion = en;
      hasScannedForEncodings = 0;
      mainGroup = 1D60588A0D05DD3D006BFB54;
      productRefGroup = 1D60588B0D05DD3D006BFB54;
      projectDirPath = "";
      targets = ( 1D60588C0D05DD3D006BFB54 );
    };
    /* End PBXProject section */

    /* Begin PBXSourcesBuildPhase section */
    1D6058900D05DD3D006BFB54 = {
      isa = PBXSourcesBuildPhase;
      buildActionMask = 2147483647;
      files = ( 1D60588D0D05DD3D006BFB54 );
      runOnlyForDeploymentPostprocessing = 0;
    };
    /* End PBXSourcesBuildPhase section */

    /* Begin PBXFrameworksBuildPhase section */
    1D6058910D05DD3D006BFB54 = {
      isa = PBXFrameworksBuildPhase;
      buildActionMask = 2147483647;
      files = ( );
      runOnlyForDeploymentPostprocessing = 0;
    };
    /* End PBXFrameworksBuildPhase section */

    /* Begin XCBuildConfiguration section */
    C01FCF4E08A954540054247B = {
      isa = XCBuildConfiguration;
      buildSettings = {
        MACH_O_TYPE = mh_dylib;
        PRODUCT_NAME = "$(TARGET_NAME)";
        SDKROOT = iphoneos;
      };
      name = Debug;
    };
    C01FCF4F08A954540054247B = {
      isa = XCBuildConfiguration;
      buildSettings = {
        MACH_O_TYPE = mh_dylib;
        PRODUCT_NAME = "$(TARGET_NAME)";
        SDKROOT = iphoneos;
      };
      name = Release;
    };
    /* End XCBuildConfiguration section */

    /* Begin XCConfigurationList section */
    C01FCF4C08A954540054247B = {
      isa = XCConfigurationList;
      buildConfigurations = (
        C01FCF4E08A954540054247B,
        C01FCF4F08A954540054247B,
      );
      defaultConfigurationIsVisible = 0;
      defaultConfigurationName = Release;
    };
    C01FCF4D08A954540054247B = {
      isa = XCConfigurationList;
      buildConfigurations = (
        C01FCF4E08A954540054247B,
        C01FCF4F08A954540054247B,
      );
      defaultConfigurationIsVisible = 0;
      defaultConfigurationName = Release;
    };
    /* End XCConfigurationList section */
  };
  rootObject = 1D60588C1D05DD3D006BFB54;
}
